
Microsoft Visual Studio Solution File, Format Version 10.00
# Visual Studio 2008
Project("{D2ABAB84-BF74-430A-B69E-9DC6D40DDA17}") = "Jira Cube", "Jira Cube\Jira Cube.dwproj", "{65D7899C-8C08-458B-9500-C686BAD439CF}"
EndProject
Global
	GlobalSection(SolutionConfigurationPlatforms) = preSolution
		Development|Default = Development|Default
	EndGlobalSection
	GlobalSection(ProjectConfigurationPlatforms) = postSolution
		{65D7899C-8C08-458B-9500-C686BAD439CF}.Development|Default.ActiveCfg = Development
		{65D7899C-8C08-458B-9500-C686BAD439CF}.Development|Default.Build.0 = Development
		{65D7899C-8C08-458B-9500-C686BAD439CF}.Development|Default.Deploy.0 = Development
	EndGlobalSection
	GlobalSection(SolutionProperties) = preSolution
		HideSolutionNode = FALSE
	EndGlobalSection
EndGlobal
